
Microsoft Visual Studio Solution File, Format Version 12.00
# Visual Studio Version 16
VisualStudioVersion = 16.0.30517.126
MinimumVisualStudioVersion = 10.0.40219.1
Project("{FAE04EC0-301F-11D3-BF4B-00C04F79EFBC}") = "ExcersicePart1", "ExcersicePart1\ExcersicePart1.csproj", "{433AC132-32F0-48A9-8B4D-2A70D7EA14B9}"
EndProject
Project("{FAE04EC0-301F-11D3-BF4B-00C04F79EFBC}") = "PersonalityTest", "PersonalityTest\PersonalityTest.csproj", "{6551681A-6AF9-4E47-91E5-EAB400C1CBA6}"
EndProject
Global
	GlobalSection(SolutionConfigurationPlatforms) = preSolution
		Debug|Any CPU = Debug|Any CPU
		Release|Any CPU = Release|Any CPU
	EndGlobalSection
	GlobalSection(ProjectConfigurationPlatforms) = postSolution
		{433AC132-32F0-48A9-8B4D-2A70D7EA14B9}.Debug|Any CPU.ActiveCfg = Debug|Any CPU
		{433AC132-32F0-48A9-8B4D-2A70D7EA14B9}.Debug|Any CPU.Build.0 = Debug|Any CPU
		{433AC132-32F0-48A9-8B4D-2A70D7EA14B9}.Release|Any CPU.ActiveCfg = Release|Any CPU
		{433AC132-32F0-48A9-8B4D-2A70D7EA14B9}.Release|Any CPU.Build.0 = Release|Any CPU
		{6551681A-6AF9-4E47-91E5-EAB400C1CBA6}.Debug|Any CPU.ActiveCfg = Debug|Any CPU
		{6551681A-6AF9-4E47-91E5-EAB400C1CBA6}.Debug|Any CPU.Build.0 = Debug|Any CPU
		{6551681A-6AF9-4E47-91E5-EAB400C1CBA6}.Release|Any CPU.ActiveCfg = Release|Any CPU
		{6551681A-6AF9-4E47-91E5-EAB400C1CBA6}.Release|Any CPU.Build.0 = Release|Any CPU
	EndGlobalSection
	GlobalSection(SolutionProperties) = preSolution
		HideSolutionNode = FALSE
	EndGlobalSection
	GlobalSection(ExtensibilityGlobals) = postSolution
		SolutionGuid = {8E4D36C3-BEDE-410D-9620-1D2F5CE773E5}
	EndGlobalSection
EndGlobal
